// !$*UTF8*$!
{
	archiveVersion = 1;
	classes = {
	};
	objectVersion = 46;
	objects = {

/* Begin PBXBuildFile section */
		D67CB0121B3344CB00748992 /* AppDelegate.swift in Sources */ = {isa = PBXBuildFile; fileRef = D67CB0111B3344CB00748992 /* AppDelegate.swift */; };
		D67CB0141B3344CB00748992 /* ViewController.swift in Sources */ = {isa = PBXBuildFile; fileRef = D67CB0131B3344CB00748992 /* ViewController.swift */; };
		D67CB0171B3344CB00748992 /* Main.storyboard in Resources */ = {isa = PBXBuildFile; fileRef = D67CB0151B3344CB00748992 /* Main.storyboard */; };
		D67CB0191B3344CB00748992 /* Images.xcassets in Resources */ = {isa = PBXBuildFile; fileRef = D67CB0181B3344CB00748992 /* Images.xcassets */; };
		D67CB01C1B3344CB00748992 /* LaunchScreen.xib in Resources */ = {isa = PBXBuildFile; fileRef = D67CB01A1B3344CB00748992 /* LaunchScreen.xib */; };
		D67CB0281B3344CB00748992 /* PostcardTests.swift in Sources */ = {isa = PBXBuildFile; fileRef = D67CB0271B3344CB00748992 /* PostcardTests.swift */; };
		D67CB0321B334E0400748992 /* SagradaFamilia.jpeg in Resources */ = {isa = PBXBuildFile; fileRef = D67CB0311B334E0400748992 /* SagradaFamilia.jpeg */; };
		D67CB0341B3394A800748992 /* AlbertEinsteinStamp.jpg in Resources */ = {isa = PBXBuildFile; fileRef = D67CB0331B3394A800748992 /* AlbertEinsteinStamp.jpg */; };
/* End PBXBuildFile section */

/* Begin PBXContainerItemProxy section */
		D67CB0221B3344CB00748992 /* PBXContainerItemProxy */ = {
			isa = PBXContainerItemProxy;
			containerPortal = D67CB0041B3344CB00748992 /* Project object */;
			proxyType = 1;
			remoteGlobalIDString = D67CB00B1B3344CB00748992;
			remoteInfo = Postcard;
		};
/* End PBXContainerItemProxy section */

/* Begin PBXFileReference section */
		D67CB00C1B3344CB00748992 /* Postcard.app */ = {isa = PBXFileReference; explicitFileType = wrapper.application; includeInIndex = 0; path = Postcard.app; sourceTree = BUILT_PRODUCTS_DIR; };
		D67CB0101B3344CB00748992 /* Info.plist */ = {isa = PBXFileReference; lastKnownFileType = text.plist.xml; path = Info.plist; sourceTree = "<group>"; };
		D67CB0111B3344CB00748992 /* AppDelegate.swift */ = {isa = PBXFileReference; lastKnownFileType = sourcecode.swift; path = AppDelegate.swift; sourceTree = "<group>"; };
		D67CB0131B3344CB00748992 /* ViewController.swift */ = {isa = PBXFileReference; lastKnownFileType = sourcecode.swift; path = ViewController.swift; sourceTree = "<group>"; };
		D67CB0161B3344CB00748992 /* Base */ = {isa = PBXFileReference; lastKnownFileType = file.storyboard; name = Base; path = Base.lproj/Main.storyboard; sourceTree = "<group>"; };
		D67CB0181B3344CB00748992 /* Images.xcassets */ = {isa = PBXFileReference; lastKnownFileType = folder.assetcatalog; path = Images.xcassets; sourceTree = "<group>"; };
		D67CB01B1B3344CB00748992 /* Base */ = {isa = PBXFileReference; lastKnownFileType = file.xib; name = Base; path = Base.lproj/LaunchScreen.xib; sourceTree = "<group>"; };
		D67CB0211B3344CB00748992 /* PostcardTests.xctest */ = {isa = PBXFileReference; explicitFileType = wrapper.cfbundle; includeInIndex = 0; path = PostcardTests.xctest; sourceTree = BUILT_PRODUCTS_DIR; };
		D67CB0261B3344CB00748992 /* Info.plist */ = {isa = PBXFileReference; lastKnownFileType = text.plist.xml; path = Info.plist; sourceTree = "<group>"; };
		D67CB0271B3344CB00748992 /* PostcardTests.swift */ = {isa = PBXFileReference; lastKnownFileType = sourcecode.swift; path = PostcardTests.swift; sourceTree = "<group>"; };
		D67CB0311B334E0400748992 /* SagradaFamilia.jpeg */ = {isa = PBXFileReference; lastKnownFileType = image.jpeg; path = SagradaFamilia.jpeg; sourceTree = "<group>"; };
		D67CB0331B3394A800748992 /* AlbertEinsteinStamp.jpg */ = {isa = PBXFileReference; lastKnownFileType = image.jpeg; path = AlbertEinsteinStamp.jpg; sourceTree = "<group>"; };
/* End PBXFileReference section */

/* Begin PBXFrameworksBuildPhase section */
		D67CB0091B3344CB00748992 /* Frameworks */ = {
			isa = PBXFrameworksBuildPhase;
			buildActionMask = 2147483647;
			files = (
			);
			runOnlyForDeploymentPostprocessing = 0;
		};
		D67CB01E1B3344CB00748992 /* Frameworks */ = {
			isa = PBXFrameworksBuildPhase;
			buildActionMask = 2147483647;
			files = (
			);
			runOnlyForDeploymentPostprocessing = 0;
		};
/* End PBXFrameworksBuildPhase section */

/* Begin PBXGroup section */
		D67CB0031B3344CB00748992 = {
			isa = PBXGroup;
			children = (
				D67CB00E1B3344CB00748992 /* Postcard */,
				D67CB0241B3344CB00748992 /* PostcardTests */,
				D67CB00D1B3344CB00748992 /* Products */,
			);
			sourceTree = "<group>";
		};
		D67CB00D1B3344CB00748992 /* Products */ = {
			isa = PBXGroup;
			children = (
				D67CB00C1B3344CB00748992 /* Postcard.app */,
				D67CB0211B3344CB00748992 /* PostcardTests.xctest */,
			);
			name = Products;
			sourceTree = "<group>";
		};
		D67CB00E1B3344CB00748992 /* Postcard */ = {
			isa = PBXGroup;
			children = (
				D67CB0111B3344CB00748992 /* AppDelegate.swift */,
				D67CB0131B3344CB00748992 /* ViewController.swift */,
				D67CB0151B3344CB00748992 /* Main.storyboard */,
				D67CB0181B3344CB00748992 /* Images.xcassets */,
				D67CB01A1B3344CB00748992 /* LaunchScreen.xib */,
				D67CB00F1B3344CB00748992 /* Supporting Files */,
			);
			path = Postcard;
			sourceTree = "<group>";
		};
		D67CB00F1B3344CB00748992 /* Supporting Files */ = {
			isa = PBXGroup;
			children = (
				D67CB0331B3394A800748992 /* AlbertEinsteinStamp.jpg */,
				D67CB0311B334E0400748992 /* SagradaFamilia.jpeg */,
				D67CB0101B3344CB00748992 /* Info.plist */,
			);
			name = "Supporting Files";
			sourceTree = "<group>";
		};
		D67CB0241B3344CB00748992 /* PostcardTests */ = {
			isa = PBXGroup;
			children = (
				D67CB0271B3344CB00748992 /* PostcardTests.swift */,
				D67CB0251B3344CB00748992 /* Supporting Files */,
			);
			path = PostcardTests;
			sourceTree = "<group>";
		};
		D67CB0251B3344CB00748992 /* Supporting Files */ = {
			isa = PBXGroup;
			children = (
				D67CB0261B3344CB00748992 /* Info.plist */,
			);
			name = "Supporting Files";
			sourceTree = "<group>";
		};
/* End PBXGroup section */

/* Begin PBXNativeTarget section */
		D67CB00B1B3344CB00748992 /* Postcard */ = {
			isa = PBXNativeTarget;
			buildConfigurationList = D67CB02B1B3344CB00748992 /* Build configuration list for PBXNativeTarget "Postcard" */;
			buildPhases = (
				D67CB0081B3344CB00748992 /* Sources */,
				D67CB0091B3344CB00748992 /* Frameworks */,
				D67CB00A1B3344CB00748992 /* Resources */,
			);
			buildRules = (
			);
			dependencies = (
			);
			name = Postcard;
			productName = Postcard;
			productReference = D67CB00C1B3344CB00748992 /* Postcard.app */;
			productType = "com.apple.product-type.application";
		};
		D67CB0201B3344CB00748992 /* PostcardTests */ = {
			isa = PBXNativeTarget;
			buildConfigurationList = D67CB02E1B3344CB00748992 /* Build configuration list for PBXNativeTarget "PostcardTests" */;
			buildPhases = (
				D67CB01D1B3344CB00748992 /* Sources */,
				D67CB01E1B3344CB00748992 /* Frameworks */,
				D67CB01F1B3344CB00748992 /* Resources */,
			);
			buildRules = (
			);
			dependencies = (
				D67CB0231B3344CB00748992 /* PBXTargetDependency */,
			);
			name = PostcardTests;
			productName = PostcardTests;
			productReference = D67CB0211B3344CB00748992 /* PostcardTests.xctest */;
			productType = "com.apple.product-type.bundle.unit-test";
		};
/* End PBXNativeTarget section */

/* Begin PBXProject section */
		D67CB0041B3344CB00748992 /* Project object */ = {
			isa = PBXProject;
			attributes = {
				LastUpgradeCheck = 0630;
				ORGANIZATIONNAME = "Neel Bola";
				TargetAttributes = {
					D67CB00B1B3344CB00748992 = {
						CreatedOnToolsVersion = 6.3.2;
					};
					D67CB0201B3344CB00748992 = {
						CreatedOnToolsVersion = 6.3.2;
						TestTargetID = D67CB00B1B3344CB00748992;
					};
				};
			};
			buildConfigurationList = D67CB0071B3344CB00748992 /* Build configuration list for PBXProject "Postcard" */;
			compatibilityVersion = "Xcode 3.2";
			developmentRegion = English;
			hasScannedForEncodings = 0;
			knownRegions = (
				en,
				Base,
			);
			mainGroup = D67CB0031B3344CB00748992;
			productRefGroup = D67CB00D1B3344CB00748992 /* Products */;
			projectDirPath = "";
			projectRoot = "";
			targets = (
				D67CB00B1B3344CB00748992 /* Postcard */,
				D67CB0201B3344CB00748992 /* PostcardTests */,
			);
		};
/* End PBXProject section */

/* Begin PBXResourcesBuildPhase section */
		D67CB00A1B3344CB00748992 /* Resources */ = {
			isa = PBXResourcesBuildPhase;
			buildActionMask = 2147483647;
			files = (
				D67CB0171B3344CB00748992 /* Main.storyboard in Resources */,
				D67CB0321B334E0400748992 /* SagradaFamilia.jpeg in Resources */,
				D67CB0341B3394A800748992 /* AlbertEinsteinStamp.jpg in Resources */,
				D67CB01C1B3344CB00748992 /* LaunchScreen.xib in Resources */,
				D67CB0191B3344CB00748992 /* Images.xcassets in Resources */,
			);
			runOnlyForDeploymentPostprocessing = 0;
		};
		D67CB01F1B3344CB00748992 /* Resources */ = {
			isa = PBXResourcesBuildPhase;
			buildActionMask = 2147483647;
			files = (
			);
			runOnlyForDeploymentPostprocessing = 0;
		};
/* End PBXResourcesBuildPhase section */

/* Begin PBXSourcesBuildPhase section */
		D67CB0081B3344CB00748992 /* Sources */ = {
			isa = PBXSourcesBuildPhase;
			buildActionMask = 2147483647;
			files = (
				D67CB0141B3344CB00748992 /* ViewController.swift in Sources */,
				D67CB0121B3344CB00748992 /* AppDelegate.swift in Sources */,
			);
			runOnlyForDeploymentPostprocessing = 0;
		};
		D67CB01D1B3344CB00748992 /* Sources */ = {
			isa = PBXSourcesBuildPhase;
			buildActionMask = 2147483647;
			files = (
				D67CB0281B3344CB00748992 /* PostcardTests.swift in Sources */,
			);
			runOnlyForDeploymentPostprocessing = 0;
		};
/* End PBXSourcesBuildPhase section */

/* Begin PBXTargetDependency section */
		D67CB0231B3344CB00748992 /* PBXTargetDependency */ = {
			isa = PBXTargetDependency;
			target = D67CB00B1B3344CB00748992 /* Postcard */;
			targetProxy = D67CB0221B3344CB00748992 /* PBXContainerItemProxy */;
		};
/* End PBXTargetDependency section */

/* Begin PBXVariantGroup section */
		D67CB0151B3344CB00748992 /* Main.storyboard */ = {
			isa = PBXVariantGroup;
			children = (
				D67CB0161B3344CB00748992 /* Base */,
			);
			name = Main.storyboard;
			sourceTree = "<group>";
		};
		D67CB01A1B3344CB00748992 /* LaunchScreen.xib */ = {
			isa = PBXVariantGroup;
			children = (
				D67CB01B1B3344CB00748992 /* Base */,
			);
			name = LaunchScreen.xib;
			sourceTree = "<group>";
		};
/* End PBXVariantGroup section */

/* Begin XCBuildConfiguration section */
		D67CB0291B3344CB00748992 /* Debug */ = {
			isa = XCBuildConfiguration;
			buildSettings = {
				ALWAYS_SEARCH_USER_PATHS = NO;
				CLANG_CXX_LANGUAGE_STANDARD = "gnu++0x";
				CLANG_CXX_LIBRARY = "libc++";
				CLANG_ENABLE_MODULES = YES;
				CLANG_ENABLE_OBJC_ARC = YES;
				CLANG_WARN_BOOL_CONVERSION = YES;
				CLANG_WARN_CONSTANT_CONVERSION = YES;
				CLANG_WARN_DIRECT_OBJC_ISA_USAGE = YES_ERROR;
				CLANG_WARN_EMPTY_BODY = YES;
				CLANG_WARN_ENUM_CONVERSION = YES;
				CLANG_WARN_INT_CONVERSION = YES;
				CLANG_WARN_OBJC_ROOT_CLASS = YES_ERROR;
				CLANG_WARN_UNREACHABLE_CODE = YES;
				CLANG_WARN__DUPLICATE_METHOD_MATCH = YES;
				"CODE_SIGN_IDENTITY[sdk=iphoneos*]" = "iPhone Developer";
				COPY_PHASE_STRIP = NO;
				DEBUG_INFORMATION_FORMAT = "dwarf-with-dsym";
				ENABLE_STRICT_OBJC_MSGSEND = YES;
				GCC_C_LANGUAGE_STANDARD = gnu99;
				GCC_DYNAMIC_NO_PIC = NO;
				GCC_NO_COMMON_BLOCKS = YES;
				GCC_OPTIMIZATION_LEVEL = 0;
				GCC_PREPROCESSOR_DEFINITIONS = (
					"DEBUG=1",
					"$(inherited)",
				);
				GCC_SYMBOLS_PRIVATE_EXTERN = NO;
				GCC_WARN_64_TO_32_BIT_CONVERSION = YES;
				GCC_WARN_ABOUT_RETURN_TYPE = YES_ERROR;
				GCC_WARN_UNDECLARED_SELECTOR = YES;
				GCC_WARN_UNINITIALIZED_AUTOS = YES_AGGRESSIVE;
				GCC_WARN_UNUSED_FUNCTION = YES;
				GCC_WARN_UNUSED_VARIABLE = YES;
				IPHONEOS_DEPLOYMENT_TARGET = 8.3;
				MTL_ENABLE_DEBUG_INFO = YES;
				ONLY_ACTIVE_ARCH = YES;
				SDKROOT = iphoneos;
				SWIFT_OPTIMIZATION_LEVEL = "-Onone";
				TARGETED_DEVICE_FAMILY = "1,2";
			};
			name = Debug;
		};
		D67CB02A1B3344CB00748992 /* Release */ = {
			isa = XCBuildConfiguration;
			buildSettings = {
				ALWAYS_SEARCH_USER_PATHS = NO;
				CLANG_CXX_LANGUAGE_STANDARD = "gnu++0x";
				CLANG_CXX_LIBRARY = "libc++";
				CLANG_ENABLE_MODULES = YES;
				CLANG_ENABLE_OBJC_ARC = YES;
				CLANG_WARN_BOOL_CONVERSION = YES;
				CLANG_WARN_CONSTANT_CONVERSION = YES;
				CLANG_WARN_DIRECT_OBJC_ISA_USAGE = YES_ERROR;
				CLANG_WARN_EMPTY_BODY = YES;
				CLANG_WARN_ENUM_CONVERSION = YES;
				CLANG_WARN_INT_CONVERSION = YES;
				CLANG_WARN_OBJC_ROOT_CLASS = YES_ERROR;
				CLANG_WARN_UNREACHABLE_CODE = YES;
				CLANG_WARN__DUPLICATE_METHOD_MATCH = YES;
				"CODE_SIGN_IDENTITY[sdk=iphoneos*]" = "iPhone Developer";
				COPY_PHASE_STRIP = NO;
				DEBUG_INFORMATION_FORMAT = "dwarf-with-dsym";
				ENABLE_NS_ASSERTIONS = NO;
				ENABLE_STRICT_OBJC_MSGSEND = YES;
				GCC_C_LANGUAGE_STANDARD = gnu99;
				GCC_NO_COMMON_BLOCKS = YES;
				GCC_WARN_64_TO_32_BIT_CONVERSION = YES;
				GCC_WARN_ABOUT_RETURN_TYPE = YES_ERROR;
				GCC_WARN_UNDECLARED_SELECTOR = YES;
				GCC_WARN_UNINITIALIZED_AUTOS = YES_AGGRESSIVE;
				GCC_WARN_UNUSED_FUNCTION = YES;
				GCC_WARN_UNUSED_VARIABLE = YES;
				IPHONEOS_DEPLOYMENT_TARGET = 8.3;
				MTL_ENABLE_DEBUG_INFO = NO;
				SDKROOT = iphoneos;
				TARGETED_DEVICE_FAMILY = "1,2";
				VALIDATE_PRODUCT = YES;
			};
			name = Release;
		};
		D67CB02C1B3344CB00748992 /* Debug */ = {
			isa = XCBuildConfiguration;
			buildSettings = {
				ASSETCATALOG_COMPILER_APPICON_NAME = AppIcon;
				INFOPLIST_FILE = Postcard/Info.plist;
				LD_RUNPATH_SEARCH_PATHS = "$(inherited) @executable_path/Frameworks";
				PRODUCT_NAME = "$(TARGET_NAME)";
			};
			name = Debug;
		};
		D67CB02D1B3344CB00748992 /* Release */ = {
			isa = XCBuildConfiguration;
			buildSettings = {
				ASSETCATALOG_COMPILER_APPICON_NAME = AppIcon;
				INFOPLIST_FILE = Postcard/Info.plist;
				LD_RUNPATH_SEARCH_PATHS = "$(inherited) @executable_path/Frameworks";
				PRODUCT_NAME = "$(TARGET_NAME)";
			};
			name = Release;
		};
		D67CB02F1B3344CB00748992 /* Debug */ = {
			isa = XCBuildConfiguration;
			buildSettings = {
				BUNDLE_LOADER = "$(TEST_HOST)";
				FRAMEWORK_SEARCH_PATHS = (
					"$(SDKROOT)/Developer/Library/Frameworks",
					"$(inherited)",
				);
				GCC_PREPROCESSOR_DEFINITIONS = (
					"DEBUG=1",
					"$(inherited)",
				);
				INFOPLIST_FILE = PostcardTests/Info.plist;
				LD_RUNPATH_SEARCH_PATHS = "$(inherited) @executable_path/Frameworks @loader_path/Frameworks";
				PRODUCT_NAME = "$(TARGET_NAME)";
				TEST_HOST = "$(BUILT_PRODUCTS_DIR)/Postcard.app/Postcard";
			};
			name = Debug;
		};
		D67CB0301B3344CB00748992 /* Release */ = {
			isa = XCBuildConfiguration;
			buildSettings = {
				BUNDLE_LOADER = "$(TEST_HOST)";
				FRAMEWORK_SEARCH_PATHS = (
					"$(SDKROOT)/Developer/Library/Frameworks",
					"$(inherited)",
				);
				INFOPLIST_FILE = PostcardTests/Info.plist;
				LD_RUNPATH_SEARCH_PATHS = "$(inherited) @executable_path/Frameworks @loader_path/Frameworks";
				PRODUCT_NAME = "$(TARGET_NAME)";
				TEST_HOST = "$(BUILT_PRODUCTS_DIR)/Postcard.app/Postcard";
			};
			name = Release;
		};
/* End XCBuildConfiguration section */

/* Begin XCConfigurationList section */
		D67CB0071B3344CB00748992 /* Build configuration list for PBXProject "Postcard" */ = {
			isa = XCConfigurationList;
			buildConfigurations = (
				D67CB0291B3344CB00748992 /* Debug */,
				D67CB02A1B3344CB00748992 /* Release */,
			);
			defaultConfigurationIsVisible = 0;
			defaultConfigurationName = Release;
		};
		D67CB02B1B3344CB00748992 /* Build configuration list for PBXNativeTarget "Postcard" */ = {
			isa = XCConfigurationList;
			buildConfigurations = (
				D67CB02C1B3344CB00748992 /* Debug */,
				D67CB02D1B3344CB00748992 /* Release */,
			);
			defaultConfigurationIsVisible = 0;
		};
		D67CB02E1B3344CB00748992 /* Build configuration list for PBXNativeTarget "PostcardTests" */ = {
			isa = XCConfigurationList;
			buildConfigurations = (
				D67CB02F1B3344CB00748992 /* Debug */,
				D67CB0301B3344CB00748992 /* Release */,
			);
			defaultConfigurationIsVisible = 0;
		};
/* End XCConfigurationList section */
	};
	rootObject = D67CB0041B3344CB00748992 /* Project object */;
}
